
Microsoft Visual Studio Solution File, Format Version 12.00
# Visual Studio 15
VisualStudioVersion = 15.0.26430.16
MinimumVisualStudioVersion = 10.0.40219.1
Project("{888888A0-9F3D-457C-B088-3A5042F75D52}") = "AoC.Tests", "test\AoC.Tests.pyproj", "{929759D3-187F-423E-97B7-DE830FC9C5D8}"
EndProject
Project("{888888A0-9F3D-457C-B088-3A5042F75D52}") = "AoC", "src\AoC.pyproj", "{A686AD80-AE1A-4876-99A3-0A8DED511664}"
EndProject
Global
	GlobalSection(SolutionConfigurationPlatforms) = preSolution
		Debug|Any CPU = Debug|Any CPU
		Release|Any CPU = Release|Any CPU
	EndGlobalSection
	GlobalSection(ProjectConfigurationPlatforms) = postSolution
		{929759D3-187F-423E-97B7-DE830FC9C5D8}.Debug|Any CPU.ActiveCfg = Debug|Any CPU
		{929759D3-187F-423E-97B7-DE830FC9C5D8}.Release|Any CPU.ActiveCfg = Release|Any CPU
		{A686AD80-AE1A-4876-99A3-0A8DED511664}.Debug|Any CPU.ActiveCfg = Debug|Any CPU
		{A686AD80-AE1A-4876-99A3-0A8DED511664}.Release|Any CPU.ActiveCfg = Release|Any CPU
	EndGlobalSection
	GlobalSection(SolutionProperties) = preSolution
		HideSolutionNode = FALSE
	EndGlobalSection
EndGlobal
